
Microsoft Visual Studio Solution File, Format Version 12.00
# Visual Studio Version 17
VisualStudioVersion = 17.7.34024.191
MinimumVisualStudioVersion = 10.0.40219.1
Project("{9A19103F-16F7-4668-BE54-9A1E7A4F7556}") = "Web", "Notes\Web.csproj", "{6026B91D-A078-4100-99F6-5ED75C26F5CF}"
EndProject
Project("{9A19103F-16F7-4668-BE54-9A1E7A4F7556}") = "Notes.Core", "Notes.Core\Notes.Core.csproj", "{DF416A86-C63D-4FC4-9D0F-D545E843769C}"
EndProject
Project("{9A19103F-16F7-4668-BE54-9A1E7A4F7556}") = "Infrastructure", "Infrastructure\Infrastructure.csproj", "{C425ACAE-35FC-41DF-8F9A-674F7BF0FE87}"
EndProject
Project("{9A19103F-16F7-4668-BE54-9A1E7A4F7556}") = "Common", "Common\Common.csproj", "{D6111A63-8C07-4588-B159-9710B8BFCF4E}"
EndProject
Project("{9A19103F-16F7-4668-BE54-9A1E7A4F7556}") = "Notes.Domain", "Notes.Domain\Notes.Domain.csproj", "{0D6C6B87-7A7F-497E-8198-B1EB7C390277}"
EndProject
Project("{9A19103F-16F7-4668-BE54-9A1E7A4F7556}") = "Notes.DataAccess", "Notes.DataAccess\Notes.DataAccess.csproj", "{2C1EBA0A-AFCC-410D-849F-E9A37BD9EA4B}"
EndProject
Project("{2150E333-8FDC-42A3-9474-1A3956D46DE8}") = "Tests", "Tests", "{FD2414AC-BF5F-445D-83C3-E9D191EE17CA}"
EndProject
Project("{2150E333-8FDC-42A3-9474-1A3956D46DE8}") = "Common", "Common", "{87839F46-D1FE-4EF6-BCC7-5BA96A21A5DF}"
EndProject
Project("{9A19103F-16F7-4668-BE54-9A1E7A4F7556}") = "Common.Tests", "Common.Tests\Common.Tests.csproj", "{8EBBDC92-F2B7-4483-B387-8D3BCD0D5FAB}"
EndProject
Project("{2150E333-8FDC-42A3-9474-1A3956D46DE8}") = "Modules", "Modules", "{FA506F83-5761-4BF9-B6DD-56A08B59A1FD}"
EndProject
Project("{2150E333-8FDC-42A3-9474-1A3956D46DE8}") = "Notes", "Notes", "{5DA3CB28-D4C0-496D-A0FA-54994F621A85}"
EndProject
Project("{2150E333-8FDC-42A3-9474-1A3956D46DE8}") = "Shared", "Shared", "{BDC19552-CEFA-45E1-8273-F267CCBA8AAF}"
EndProject
Project("{9A19103F-16F7-4668-BE54-9A1E7A4F7556}") = "DaoTests", "DaoTests\DaoTests.csproj", "{A8CCBDE9-450D-41BD-AB0F-1022D7690A5D}"
EndProject
Project("{2150E333-8FDC-42A3-9474-1A3956D46DE8}") = "Integration", "Integration", "{4864EC40-95D7-4596-99A7-BABF00E5326B}"
EndProject
Project("{9A19103F-16F7-4668-BE54-9A1E7A4F7556}") = "IntegrationTests", "IntegrationTests\IntegrationTests.csproj", "{0533D9E5-32E5-48B8-B653-DED23D3228C4}"
EndProject
Project("{9A19103F-16F7-4668-BE54-9A1E7A4F7556}") = "NotesModuleTests", "NotesModuleTests\NotesModuleTests.csproj", "{46E2D547-1DF9-4F6E-A32C-CE7FEDFC6622}"
EndProject
Global
	GlobalSection(SolutionConfigurationPlatforms) = preSolution
		Debug|Any CPU = Debug|Any CPU
		Release|Any CPU = Release|Any CPU
	EndGlobalSection
	GlobalSection(ProjectConfigurationPlatforms) = postSolution
		{6026B91D-A078-4100-99F6-5ED75C26F5CF}.Debug|Any CPU.ActiveCfg = Debug|Any CPU
		{6026B91D-A078-4100-99F6-5ED75C26F5CF}.Debug|Any CPU.Build.0 = Debug|Any CPU
		{6026B91D-A078-4100-99F6-5ED75C26F5CF}.Release|Any CPU.ActiveCfg = Release|Any CPU
		{6026B91D-A078-4100-99F6-5ED75C26F5CF}.Release|Any CPU.Build.0 = Release|Any CPU
		{DF416A86-C63D-4FC4-9D0F-D545E843769C}.Debug|Any CPU.ActiveCfg = Debug|Any CPU
		{DF416A86-C63D-4FC4-9D0F-D545E843769C}.Debug|Any CPU.Build.0 = Debug|Any CPU
		{DF416A86-C63D-4FC4-9D0F-D545E843769C}.Release|Any CPU.ActiveCfg = Release|Any CPU
		{DF416A86-C63D-4FC4-9D0F-D545E843769C}.Release|Any CPU.Build.0 = Release|Any CPU
		{C425ACAE-35FC-41DF-8F9A-674F7BF0FE87}.Debug|Any CPU.ActiveCfg = Debug|Any CPU
		{C425ACAE-35FC-41DF-8F9A-674F7BF0FE87}.Debug|Any CPU.Build.0 = Debug|Any CPU
		{C425ACAE-35FC-41DF-8F9A-674F7BF0FE87}.Release|Any CPU.ActiveCfg = Release|Any CPU
		{C425ACAE-35FC-41DF-8F9A-674F7BF0FE87}.Release|Any CPU.Build.0 = Release|Any CPU
		{D6111A63-8C07-4588-B159-9710B8BFCF4E}.Debug|Any CPU.ActiveCfg = Debug|Any CPU
		{D6111A63-8C07-4588-B159-9710B8BFCF4E}.Debug|Any CPU.Build.0 = Debug|Any CPU
		{D6111A63-8C07-4588-B159-9710B8BFCF4E}.Release|Any CPU.ActiveCfg = Release|Any CPU
		{D6111A63-8C07-4588-B159-9710B8BFCF4E}.Release|Any CPU.Build.0 = Release|Any CPU
		{0D6C6B87-7A7F-497E-8198-B1EB7C390277}.Debug|Any CPU.ActiveCfg = Debug|Any CPU
		{0D6C6B87-7A7F-497E-8198-B1EB7C390277}.Debug|Any CPU.Build.0 = Debug|Any CPU
		{0D6C6B87-7A7F-497E-8198-B1EB7C390277}.Release|Any CPU.ActiveCfg = Release|Any CPU
		{0D6C6B87-7A7F-497E-8198-B1EB7C390277}.Release|Any CPU.Build.0 = Release|Any CPU
		{2C1EBA0A-AFCC-410D-849F-E9A37BD9EA4B}.Debug|Any CPU.ActiveCfg = Debug|Any CPU
		{2C1EBA0A-AFCC-410D-849F-E9A37BD9EA4B}.Debug|Any CPU.Build.0 = Debug|Any CPU
		{2C1EBA0A-AFCC-410D-849F-E9A37BD9EA4B}.Release|Any CPU.ActiveCfg = Release|Any CPU
		{2C1EBA0A-AFCC-410D-849F-E9A37BD9EA4B}.Release|Any CPU.Build.0 = Release|Any CPU
		{8EBBDC92-F2B7-4483-B387-8D3BCD0D5FAB}.Debug|Any CPU.ActiveCfg = Debug|Any CPU
		{8EBBDC92-F2B7-4483-B387-8D3BCD0D5FAB}.Debug|Any CPU.Build.0 = Debug|Any CPU
		{8EBBDC92-F2B7-4483-B387-8D3BCD0D5FAB}.Release|Any CPU.ActiveCfg = Release|Any CPU
		{8EBBDC92-F2B7-4483-B387-8D3BCD0D5FAB}.Release|Any CPU.Build.0 = Release|Any CPU
		{A8CCBDE9-450D-41BD-AB0F-1022D7690A5D}.Debug|Any CPU.ActiveCfg = Debug|Any CPU
		{A8CCBDE9-450D-41BD-AB0F-1022D7690A5D}.Debug|Any CPU.Build.0 = Debug|Any CPU
		{A8CCBDE9-450D-41BD-AB0F-1022D7690A5D}.Release|Any CPU.ActiveCfg = Release|Any CPU
		{A8CCBDE9-450D-41BD-AB0F-1022D7690A5D}.Release|Any CPU.Build.0 = Release|Any CPU
		{0533D9E5-32E5-48B8-B653-DED23D3228C4}.Debug|Any CPU.ActiveCfg = Debug|Any CPU
		{0533D9E5-32E5-48B8-B653-DED23D3228C4}.Debug|Any CPU.Build.0 = Debug|Any CPU
		{0533D9E5-32E5-48B8-B653-DED23D3228C4}.Release|Any CPU.ActiveCfg = Release|Any CPU
		{0533D9E5-32E5-48B8-B653-DED23D3228C4}.Release|Any CPU.Build.0 = Release|Any CPU
		{46E2D547-1DF9-4F6E-A32C-CE7FEDFC6622}.Debug|Any CPU.ActiveCfg = Debug|Any CPU
		{46E2D547-1DF9-4F6E-A32C-CE7FEDFC6622}.Debug|Any CPU.Build.0 = Debug|Any CPU
		{46E2D547-1DF9-4F6E-A32C-CE7FEDFC6622}.Release|Any CPU.ActiveCfg = Release|Any CPU
		{46E2D547-1DF9-4F6E-A32C-CE7FEDFC6622}.Release|Any CPU.Build.0 = Release|Any CPU
	EndGlobalSection
	GlobalSection(SolutionProperties) = preSolution
		HideSolutionNode = FALSE
	EndGlobalSection
	GlobalSection(NestedProjects) = preSolution
		{87839F46-D1FE-4EF6-BCC7-5BA96A21A5DF} = {FD2414AC-BF5F-445D-83C3-E9D191EE17CA}
		{8EBBDC92-F2B7-4483-B387-8D3BCD0D5FAB} = {87839F46-D1FE-4EF6-BCC7-5BA96A21A5DF}
		{FA506F83-5761-4BF9-B6DD-56A08B59A1FD} = {FD2414AC-BF5F-445D-83C3-E9D191EE17CA}
		{5DA3CB28-D4C0-496D-A0FA-54994F621A85} = {FA506F83-5761-4BF9-B6DD-56A08B59A1FD}
		{BDC19552-CEFA-45E1-8273-F267CCBA8AAF} = {FD2414AC-BF5F-445D-83C3-E9D191EE17CA}
		{A8CCBDE9-450D-41BD-AB0F-1022D7690A5D} = {BDC19552-CEFA-45E1-8273-F267CCBA8AAF}
		{4864EC40-95D7-4596-99A7-BABF00E5326B} = {FD2414AC-BF5F-445D-83C3-E9D191EE17CA}
		{0533D9E5-32E5-48B8-B653-DED23D3228C4} = {4864EC40-95D7-4596-99A7-BABF00E5326B}
		{46E2D547-1DF9-4F6E-A32C-CE7FEDFC6622} = {5DA3CB28-D4C0-496D-A0FA-54994F621A85}
	EndGlobalSection
	GlobalSection(ExtensibilityGlobals) = postSolution
		SolutionGuid = {ED40CC36-E90F-4594-B3EC-0B86965083CF}
	EndGlobalSection
EndGlobal
